<?xml version="1.0" encoding="utf-8"?>
<Project ToolsVersion="4.0" xmlns="http://schemas.microsoft.com/developer/msbuild/2003">
  <ItemGroup>
    <Filter Include="Source Files">
      <UniqueIdentifier>{4FC737F1-C7A5-4376-A066-2A32D752A2FF}</UniqueIdentifier>
      <Extensions>cpp;c;cc;cxx;def;odl;idl;hpj;bat;asm;asmx</Extensions>
    </Filter>
    <Filter Include="Resource Files">
      <UniqueIdentifier>{67DA6AB6-F800-4c08-8B7A-83BB121AAD01}</UniqueIdentifier>
      <Extensions>rc;ico;cur;bmp;dlg;rc2;rct;bin;rgs;gif;jpg;jpeg;jpe;resx;tiff;tif;png;wav;mfcribbon-ms</Extensions>
    </Filter>
    <Filter Include="Header Files">
      <UniqueIdentifier>{86caa8e8-2717-43d0-a96d-2f4868c9637a}</UniqueIdentifier>
    </Filter>
    <Filter Include="Header Files\win32">
      <UniqueIdentifier>{2bb5b099-a8a5-4341-b71e-60e7c166fd59}</UniqueIdentifier>
    </Filter>
  </ItemGroup>
  <ItemGroup>
    <ClCompile Include="ResourceManager.cpp">
      <Filter>Source Files</Filter>
    </ClCompile>
    <ClCompile Include="win32_window.cpp">
      <Filter>Source Files</Filter>
    </ClCompile>
    <ClCompile Include="core.cpp">
      <Filter>Source Files</Filter>
    </ClCompile>
    <ClCompile Include="win32_engine.cpp">
      <Filter>Source Files</Filter>
    </ClCompile>
    <ClCompile Include="utils.cpp">
      <Filter>Source Files</Filter>
    </ClCompile>
    <ClCompile Include="camera.cpp">
      <Filter>Source Files</Filter>
    </ClCompile>
    <ClCompile Include="math.cpp">
      <Filter>Source Files</Filter>
    </ClCompile>
    <ClCompile Include="transform.cpp">
      <Filter>Source Files</Filter>
    </ClCompile>
    <ClCompile Include="win32_creator.cpp">
      <Filter>Source Files</Filter>
    </ClCompile>
    <ClCompile Include="win32_polygon.cpp">
      <Filter>Source Files</Filter>
    </ClCompile>
    <ClCompile Include="draw_manager.cpp">
      <Filter>Source Files</Filter>
    </ClCompile>
    <ClCompile Include="node.cpp">
      <Filter>Source Files</Filter>
    </ClCompile>
    <ClCompile Include="win32_surface.cpp">
      <Filter>Source Files</Filter>
    </ClCompile>
    <ClCompile Include="win32_sprite.cpp">
      <Filter>Source Files</Filter>
    </ClCompile>
  </ItemGroup>
  <ItemGroup>
    <ClInclude Include="viva\ResourceManager.h">
      <Filter>Header Files</Filter>
    </ClInclude>
    <ClInclude Include="viva\error.h">
      <Filter>Header Files</Filter>
    </ClInclude>
    <ClInclude Include="viva\core.h">
      <Filter>Header Files</Filter>
    </ClInclude>
    <ClInclude Include="viva\engine.h">
      <Filter>Header Files</Filter>
    </ClInclude>
    <ClInclude Include="viva\types.h">
      <Filter>Header Files</Filter>
    </ClInclude>
    <ClInclude Include="viva\window.h">
      <Filter>Header Files</Filter>
    </ClInclude>
    <ClInclude Include="viva\utils.h">
      <Filter>Header Files</Filter>
    </ClInclude>
    <ClInclude Include="viva\camera.h">
      <Filter>Header Files</Filter>
    </ClInclude>
    <ClInclude Include="viva\math.h">
      <Filter>Header Files</Filter>
    </ClInclude>
    <ClInclude Include="viva\transform.h">
      <Filter>Header Files</Filter>
    </ClInclude>
    <ClInclude Include="viva\polygon.h">
      <Filter>Header Files</Filter>
    </ClInclude>
    <ClInclude Include="viva\creator.h">
      <Filter>Header Files</Filter>
    </ClInclude>
    <ClInclude Include="viva\draw_manager.h">
      <Filter>Header Files</Filter>
    </ClInclude>
    <ClInclude Include="viva\surface.h">
      <Filter>Header Files</Filter>
    </ClInclude>
    <ClInclude Include="viva\node.h">
      <Filter>Header Files</Filter>
    </ClInclude>
    <ClInclude Include="viva\sprite.h">
      <Filter>Header Files</Filter>
    </ClInclude>
    <ClInclude Include="viva\viva.h">
      <Filter>Header Files</Filter>
    </ClInclude>
    <ClInclude Include="viva\win32\win32.h">
      <Filter>Header Files\win32</Filter>
    </ClInclude>
    <ClInclude Include="viva\win32\win32_creator.h">
      <Filter>Header Files\win32</Filter>
    </ClInclude>
    <ClInclude Include="viva\win32\win32_engine.h">
      <Filter>Header Files\win32</Filter>
    </ClInclude>
    <ClInclude Include="viva\win32\win32_polygon.h">
      <Filter>Header Files\win32</Filter>
    </ClInclude>
    <ClInclude Include="viva\win32\win32_sprite.h">
      <Filter>Header Files\win32</Filter>
    </ClInclude>
    <ClInclude Include="viva\win32\win32_surface.h">
      <Filter>Header Files\win32</Filter>
    </ClInclude>
    <ClInclude Include="viva\win32\win32_types.h">
      <Filter>Header Files\win32</Filter>
    </ClInclude>
    <ClInclude Include="viva\win32\win32_window.h">
      <Filter>Header Files\win32</Filter>
    </ClInclude>
  </ItemGroup>
  <ItemGroup>
    <FxCompile Include="viva\resources\post.hlsl">
      <Filter>Resource Files</Filter>
    </FxCompile>
    <FxCompile Include="viva\resources\ps.hlsl">
      <Filter>Resource Files</Filter>
    </FxCompile>
    <FxCompile Include="viva\resources\vs.hlsl">
      <Filter>Resource Files</Filter>
    </FxCompile>
  </ItemGroup>
</Project>